{
  "name": "quiz-machine",
  "version": "1.0.0",
  "lockfileVersion": 1,
  "requires": true,
  "dependencies": {
    "js-levenshtein": {
      "version": "1.1.6",
      "resolved": "https://registry.npmjs.org/js-levenshtein/-/js-levenshtein-1.1.6.tgz",
      "integrity": "sha512-X2BB11YZtrRqY4EnQcLX5Rh373zbK4alC1FW7D7MBhL2gtcC17cTnr6DmfHZeS0s2rTHjUTMMHfG7gO8SSdw+g=="
    },
    "papaparse": {
      "version": "5.1.1",
      "resolved": "https://registry.npmjs.org/papaparse/-/papaparse-5.1.1.tgz",
      "integrity": "sha512-KPkW4GNQxunmYTeJIjHFrvilcNuHBWrfgbyvmagEmfGOA4hnP1WIkPbv4yABhj1Nam3as4w+7MBiI27BntwqVg=="
    },
    "prettier": {
      "version": "2.0.5",
      "resolved": "https://registry.npmjs.org/prettier/-/prettier-2.0.5.tgz",
      "integrity": "sha512-7PtVymN48hGcO4fGjybyBSIWDsLU4H4XlvOHfq91pz9kkGlonzwTfYkaIEwiRg/dAJF9YlbsduBAgtYLi+8cFg==",
      "dev": true
    }
  }
}
